{
  "name": "IntroHCI",
  "version": "0.0.1",
  "lockfileVersion": 1,
  "requires": true,
  "dependencies": {
    "highcharts": {
      "version": "6.0.6",
      "resolved": "https://registry.npmjs.org/highcharts/-/highcharts-6.0.6.tgz",
      "integrity": "sha512-acNW7HhEVnl7g8Rbi22vfyhKTfvpTl6Sio45fkZ/ejkco/v7qeKtdruo+kDoJ4e0Fqw/b2d5L9/9N00WZO8xKg=="
    }
  }
}
